
Microsoft Visual Studio Solution File, Format Version 12.00
# Visual Studio Version 17
VisualStudioVersion = 17.12.35527.113 d17.12
MinimumVisualStudioVersion = 10.0.40219.1
Project("{FAE04EC0-301F-11D3-BF4B-00C04F79EFBC}") = "SAKINCore-CS", "SAKINCore-CS\SAKINCore-CS.csproj", "{582E708F-4F22-4517-BDEB-FB9976F60D0D}"
EndProject
Project("{2150E333-8FDC-42A3-9474-1A3956D46DE8}") = "sakin-core", "sakin-core", "{24A0F198-F1BE-430F-8E89-A097DAFD94DB}"
EndProject
Project("{2150E333-8FDC-42A3-9474-1A3956D46DE8}") = "services", "services", "{7DC83170-0133-4522-B525-1257E0698264}"
EndProject
Project("{FAE04EC0-301F-11D3-BF4B-00C04F79EFBC}") = "Sakin.Core.Sensor", "sakin-core\services\network-sensor\Sakin.Core.Sensor.csproj", "{D23774B0-FD0A-42DA-BDFD-D0C85681119E}"
EndProject
Project("{2150E333-8FDC-42A3-9474-1A3956D46DE8}") = "sakin-utils", "sakin-utils", "{2B3AF25D-2F79-4019-BADB-CECF58948ECE}"
EndProject
Project("{FAE04EC0-301F-11D3-BF4B-00C04F79EFBC}") = "Sakin.Common", "sakin-utils\Sakin.Common\Sakin.Common.csproj", "{BD6B4DBE-8594-498B-AF5E-44C3FFE8948D}"
EndProject
Project("{FAE04EC0-301F-11D3-BF4B-00C04F79EFBC}") = "Sakin.Common.Tests", "sakin-utils\Sakin.Common.Tests\Sakin.Common.Tests.csproj", "{8EF34868-41B1-4569-8855-C252950C7DCA}"
EndProject
Project("{FAE04EC0-301F-11D3-BF4B-00C04F79EFBC}") = "Sakin.Messaging", "sakin-utils\Sakin.Messaging\Sakin.Messaging.csproj", "{AED3499E-86C6-4429-9BED-57C9AA89DEC2}"
EndProject
Project("{FAE04EC0-301F-11D3-BF4B-00C04F79EFBC}") = "Sakin.Messaging.Tests", "sakin-utils\Sakin.Messaging.Tests\Sakin.Messaging.Tests.csproj", "{B290508A-CB9E-442D-920D-362EE901DCDB}"
EndProject
Project("{2150E333-8FDC-42A3-9474-1A3956D46DE8}") = "sakin-panel", "sakin-panel", "{1FBA01DF-9D10-4AB7-BE67-9E012ACBF4CA}"
EndProject
Project("{FAE04EC0-301F-11D3-BF4B-00C04F79EFBC}") = "Sakin.Panel.Api", "sakin-panel\Sakin.Panel.Api\Sakin.Panel.Api.csproj", "{2D82F9BA-B6B4-4713-93E4-66C973908F9B}"
EndProject
Project("{FAE04EC0-301F-11D3-BF4B-00C04F79EFBC}") = "Sakin.Correlation", "sakin-correlation\Sakin.Correlation\Sakin.Correlation.csproj", "{C1234567-1234-1234-1234-123456789012}"
EndProject
Project("{FAE04EC0-301F-11D3-BF4B-00C04F79EFBC}") = "Sakin.Correlation.Tests", "tests\Sakin.Correlation.Tests\Sakin.Correlation.Tests.csproj", "{D1234567-1234-1234-1234-123456789012}"
EndProject
Project("{FAE04EC0-301F-11D3-BF4B-00C04F79EFBC}") = "Sakin.Panel.Api.Tests", "tests\Sakin.Panel.Api.Tests\Sakin.Panel.Api.Tests.csproj", "{3E82F9BA-B6B4-4713-93E4-66C973908F9C}"
EndProject
Project("{2150E333-8FDC-42A3-9474-1A3956D46DE8}") = "sakin-collectors", "sakin-collectors", "{1D6E6BAF-9901-4324-991E-831005484158}"
EndProject
Project("{FAE04EC0-301F-11D3-BF4B-00C04F79EFBC}") = "Sakin.Agents.Windows", "sakin-collectors\Sakin.Agents.Windows\Sakin.Agents.Windows.csproj", "{37FFF446-7227-4FE1-AF21-87FB79C96B64}"
EndProject
Project("{FAE04EC0-301F-11D3-BF4B-00C04F79EFBC}") = "Sakin.Syslog", "sakin-collectors\Sakin.Syslog\Sakin.Syslog.csproj", "{8F2A3C4D-5E6F-4A7B-8C9D-0E1F2A3B4C5D}"
EndProject
Project("{FAE04EC0-301F-11D3-BF4B-00C04F79EFBC}") = "Sakin.HttpCollector", "sakin-collectors\Sakin.HttpCollector\Sakin.HttpCollector.csproj", "{52F92F0A-A87A-464E-8E80-1FF38CC0F3FD}"
EndProject
Project("{2150E333-8FDC-42A3-9474-1A3956D46DE8}") = "tests", "tests", "{D5C301AC-C323-41A2-A1FD-72D0A658CBF0}"
EndProject
Project("{FAE04EC0-301F-11D3-BF4B-00C04F79EFBC}") = "Sakin.HttpCollector.Tests", "tests\Sakin.HttpCollector.Tests\Sakin.HttpCollector.Tests.csproj", "{69ABE5F9-ACE3-462C-B0EF-C7DAB690EAA5}"
EndProject
Global
	GlobalSection(SolutionConfigurationPlatforms) = preSolution
		Debug|Any CPU = Debug|Any CPU
		Release|Any CPU = Release|Any CPU
	EndGlobalSection
	GlobalSection(ProjectConfigurationPlatforms) = postSolution
		{582E708F-4F22-4517-BDEB-FB9976F60D0D}.Debug|Any CPU.ActiveCfg = Debug|Any CPU
		{582E708F-4F22-4517-BDEB-FB9976F60D0D}.Debug|Any CPU.Build.0 = Debug|Any CPU
		{582E708F-4F22-4517-BDEB-FB9976F60D0D}.Release|Any CPU.ActiveCfg = Release|Any CPU
		{582E708F-4F22-4517-BDEB-FB9976F60D0D}.Release|Any CPU.Build.0 = Release|Any CPU
		{D23774B0-FD0A-42DA-BDFD-D0C85681119E}.Debug|Any CPU.ActiveCfg = Debug|Any CPU
		{D23774B0-FD0A-42DA-BDFD-D0C85681119E}.Debug|Any CPU.Build.0 = Debug|Any CPU
		{D23774B0-FD0A-42DA-BDFD-D0C85681119E}.Release|Any CPU.ActiveCfg = Release|Any CPU
		{D23774B0-FD0A-42DA-BDFD-D0C85681119E}.Release|Any CPU.Build.0 = Release|Any CPU
		{BD6B4DBE-8594-498B-AF5E-44C3FFE8948D}.Debug|Any CPU.ActiveCfg = Debug|Any CPU
		{BD6B4DBE-8594-498B-AF5E-44C3FFE8948D}.Debug|Any CPU.Build.0 = Debug|Any CPU
		{BD6B4DBE-8594-498B-AF5E-44C3FFE8948D}.Release|Any CPU.ActiveCfg = Release|Any CPU
		{BD6B4DBE-8594-498B-AF5E-44C3FFE8948D}.Release|Any CPU.Build.0 = Release|Any CPU
		{8EF34868-41B1-4569-8855-C252950C7DCA}.Debug|Any CPU.ActiveCfg = Debug|Any CPU
		{8EF34868-41B1-4569-8855-C252950C7DCA}.Debug|Any CPU.Build.0 = Debug|Any CPU
		{8EF34868-41B1-4569-8855-C252950C7DCA}.Release|Any CPU.ActiveCfg = Release|Any CPU
		{8EF34868-41B1-4569-8855-C252950C7DCA}.Release|Any CPU.Build.0 = Release|Any CPU
		{AED3499E-86C6-4429-9BED-57C9AA89DEC2}.Debug|Any CPU.ActiveCfg = Debug|Any CPU
		{AED3499E-86C6-4429-9BED-57C9AA89DEC2}.Debug|Any CPU.Build.0 = Debug|Any CPU
		{AED3499E-86C6-4429-9BED-57C9AA89DEC2}.Release|Any CPU.ActiveCfg = Release|Any CPU
		{AED3499E-86C6-4429-9BED-57C9AA89DEC2}.Release|Any CPU.Build.0 = Release|Any CPU
		{B290508A-CB9E-442D-920D-362EE901DCDB}.Debug|Any CPU.ActiveCfg = Debug|Any CPU
		{B290508A-CB9E-442D-920D-362EE901DCDB}.Debug|Any CPU.Build.0 = Debug|Any CPU
		{B290508A-CB9E-442D-920D-362EE901DCDB}.Release|Any CPU.ActiveCfg = Release|Any CPU
		{B290508A-CB9E-442D-920D-362EE901DCDB}.Release|Any CPU.Build.0 = Release|Any CPU
		{C1234567-1234-1234-1234-123456789012}.Debug|Any CPU.ActiveCfg = Debug|Any CPU
		{C1234567-1234-1234-1234-123456789012}.Debug|Any CPU.Build.0 = Debug|Any CPU
		{C1234567-1234-1234-1234-123456789012}.Release|Any CPU.ActiveCfg = Release|Any CPU
		{C1234567-1234-1234-1234-123456789012}.Release|Any CPU.Build.0 = Release|Any CPU
		{D1234567-1234-1234-1234-123456789012}.Debug|Any CPU.ActiveCfg = Debug|Any CPU
		{D1234567-1234-1234-1234-123456789012}.Debug|Any CPU.Build.0 = Debug|Any CPU
		{D1234567-1234-1234-1234-123456789012}.Release|Any CPU.ActiveCfg = Release|Any CPU
		{D1234567-1234-1234-1234-123456789012}.Release|Any CPU.Build.0 = Release|Any CPU
		{2D82F9BA-B6B4-4713-93E4-66C973908F9B}.Debug|Any CPU.ActiveCfg = Debug|Any CPU
		{2D82F9BA-B6B4-4713-93E4-66C973908F9B}.Debug|Any CPU.Build.0 = Debug|Any CPU
		{2D82F9BA-B6B4-4713-93E4-66C973908F9B}.Release|Any CPU.ActiveCfg = Release|Any CPU
		{2D82F9BA-B6B4-4713-93E4-66C973908F9B}.Release|Any CPU.Build.0 = Release|Any CPU
		{3E82F9BA-B6B4-4713-93E4-66C973908F9C}.Debug|Any CPU.ActiveCfg = Debug|Any CPU
		{3E82F9BA-B6B4-4713-93E4-66C973908F9C}.Debug|Any CPU.Build.0 = Debug|Any CPU
		{3E82F9BA-B6B4-4713-93E4-66C973908F9C}.Release|Any CPU.ActiveCfg = Release|Any CPU
		{3E82F9BA-B6B4-4713-93E4-66C973908F9C}.Release|Any CPU.Build.0 = Release|Any CPU
		{37FFF446-7227-4FE1-AF21-87FB79C96B64}.Debug|Any CPU.ActiveCfg = Debug|Any CPU
		{37FFF446-7227-4FE1-AF21-87FB79C96B64}.Debug|Any CPU.Build.0 = Debug|Any CPU
		{37FFF446-7227-4FE1-AF21-87FB79C96B64}.Release|Any CPU.ActiveCfg = Release|Any CPU
		{37FFF446-7227-4FE1-AF21-87FB79C96B64}.Release|Any CPU.Build.0 = Release|Any CPU
		{8F2A3C4D-5E6F-4A7B-8C9D-0E1F2A3B4C5D}.Debug|Any CPU.ActiveCfg = Debug|Any CPU
		{8F2A3C4D-5E6F-4A7B-8C9D-0E1F2A3B4C5D}.Debug|Any CPU.Build.0 = Debug|Any CPU
		{8F2A3C4D-5E6F-4A7B-8C9D-0E1F2A3B4C5D}.Release|Any CPU.ActiveCfg = Release|Any CPU
		{8F2A3C4D-5E6F-4A7B-8C9D-0E1F2A3B4C5D}.Release|Any CPU.Build.0 = Release|Any CPU
		{52F92F0A-A87A-464E-8E80-1FF38CC0F3FD}.Debug|Any CPU.ActiveCfg = Debug|Any CPU
		{52F92F0A-A87A-464E-8E80-1FF38CC0F3FD}.Debug|Any CPU.Build.0 = Debug|Any CPU
		{52F92F0A-A87A-464E-8E80-1FF38CC0F3FD}.Release|Any CPU.ActiveCfg = Release|Any CPU
		{52F92F0A-A87A-464E-8E80-1FF38CC0F3FD}.Release|Any CPU.Build.0 = Release|Any CPU
		{69ABE5F9-ACE3-462C-B0EF-C7DAB690EAA5}.Debug|Any CPU.ActiveCfg = Debug|Any CPU
		{69ABE5F9-ACE3-462C-B0EF-C7DAB690EAA5}.Debug|Any CPU.Build.0 = Debug|Any CPU
		{69ABE5F9-ACE3-462C-B0EF-C7DAB690EAA5}.Release|Any CPU.ActiveCfg = Release|Any CPU
		{69ABE5F9-ACE3-462C-B0EF-C7DAB690EAA5}.Release|Any CPU.Build.0 = Release|Any CPU
	EndGlobalSection
	GlobalSection(SolutionProperties) = preSolution
		HideSolutionNode = FALSE
	EndGlobalSection
	GlobalSection(NestedProjects) = preSolution
		{7DC83170-0133-4522-B525-1257E0698264} = {24A0F198-F1BE-430F-8E89-A097DAFD94DB}
		{D23774B0-FD0A-42DA-BDFD-D0C85681119E} = {7DC83170-0133-4522-B525-1257E0698264}
		{BD6B4DBE-8594-498B-AF5E-44C3FFE8948D} = {2B3AF25D-2F79-4019-BADB-CECF58948ECE}
		{8EF34868-41B1-4569-8855-C252950C7DCA} = {2B3AF25D-2F79-4019-BADB-CECF58948ECE}
		{AED3499E-86C6-4429-9BED-57C9AA89DEC2} = {2B3AF25D-2F79-4019-BADB-CECF58948ECE}
		{B290508A-CB9E-442D-920D-362EE901DCDB} = {2B3AF25D-2F79-4019-BADB-CECF58948ECE}
		{2D82F9BA-B6B4-4713-93E4-66C973908F9B} = {1FBA01DF-9D10-4AB7-BE67-9E012ACBF4CA}
		{3E82F9BA-B6B4-4713-93E4-66C973908F9C} = {1FBA01DF-9D10-4AB7-BE67-9E012ACBF4CA}
		{37FFF446-7227-4FE1-AF21-87FB79C96B64} = {1D6E6BAF-9901-4324-991E-831005484158}
		{8F2A3C4D-5E6F-4A7B-8C9D-0E1F2A3B4C5D} = {1D6E6BAF-9901-4324-991E-831005484158}
		{52F92F0A-A87A-464E-8E80-1FF38CC0F3FD} = {1D6E6BAF-9901-4324-991E-831005484158}
		{69ABE5F9-ACE3-462C-B0EF-C7DAB690EAA5} = {D5C301AC-C323-41A2-A1FD-72D0A658CBF0}
	EndGlobalSection
EndGlobal
